
Microsoft Visual Studio Solution File, Format Version 12.00
# Visual Studio Version 16
VisualStudioVersion = 16.0.30330.147
MinimumVisualStudioVersion = 10.0.40219.1
Project("{9A19103F-16F7-4668-BE54-9A1E7A4F7556}") = "Marketing", "Marketing.csproj", "{19145A12-B34A-467E-9193-67B98FA9A643}"
EndProject
Project("{FAE04EC0-301F-11D3-BF4B-00C04F79EFBC}") = "Shopping", "..\Shopping\Shopping.csproj", "{E9F2BF98-8342-49E7-A633-83EA9A640DA6}"
EndProject
Project("{FAE04EC0-301F-11D3-BF4B-00C04F79EFBC}") = "RDCL_Reports", "..\RDCL_Reports\RDCL_Reports.csproj", "{C59417DC-20DC-418E-A0DF-5F7690327CD6}"
EndProject
Global
	GlobalSection(SolutionConfigurationPlatforms) = preSolution
		Debug|Any CPU = Debug|Any CPU
		Release|Any CPU = Release|Any CPU
	EndGlobalSection
	GlobalSection(ProjectConfigurationPlatforms) = postSolution
		{19145A12-B34A-467E-9193-67B98FA9A643}.Debug|Any CPU.ActiveCfg = Debug|Any CPU
		{19145A12-B34A-467E-9193-67B98FA9A643}.Debug|Any CPU.Build.0 = Debug|Any CPU
		{19145A12-B34A-467E-9193-67B98FA9A643}.Release|Any CPU.ActiveCfg = Release|Any CPU
		{19145A12-B34A-467E-9193-67B98FA9A643}.Release|Any CPU.Build.0 = Release|Any CPU
		{E9F2BF98-8342-49E7-A633-83EA9A640DA6}.Debug|Any CPU.ActiveCfg = Debug|Any CPU
		{E9F2BF98-8342-49E7-A633-83EA9A640DA6}.Debug|Any CPU.Build.0 = Debug|Any CPU
		{E9F2BF98-8342-49E7-A633-83EA9A640DA6}.Release|Any CPU.ActiveCfg = Release|Any CPU
		{E9F2BF98-8342-49E7-A633-83EA9A640DA6}.Release|Any CPU.Build.0 = Release|Any CPU
		{C59417DC-20DC-418E-A0DF-5F7690327CD6}.Debug|Any CPU.ActiveCfg = Debug|Any CPU
		{C59417DC-20DC-418E-A0DF-5F7690327CD6}.Debug|Any CPU.Build.0 = Debug|Any CPU
		{C59417DC-20DC-418E-A0DF-5F7690327CD6}.Release|Any CPU.ActiveCfg = Release|Any CPU
		{C59417DC-20DC-418E-A0DF-5F7690327CD6}.Release|Any CPU.Build.0 = Release|Any CPU
	EndGlobalSection
	GlobalSection(SolutionProperties) = preSolution
		HideSolutionNode = FALSE
	EndGlobalSection
	GlobalSection(ExtensibilityGlobals) = postSolution
		SolutionGuid = {FDD4336D-9FEC-49CB-8718-A01DC31C42A5}
	EndGlobalSection
EndGlobal
